
Microsoft Visual Studio Solution File, Format Version 12.00
# Visual Studio Version 17
VisualStudioVersion = 17.2.32602.215
MinimumVisualStudioVersion = 10.0.40219.1
Project("{FAE04EC0-301F-11D3-BF4B-00C04F79EFBC}") = "Flocus", "Flocus.csproj", "{67EDBB98-D73F-4691-959A-C69CC8B19382}"
EndProject
Global
	GlobalSection(SolutionConfigurationPlatforms) = preSolution
		Debug|Any CPU = Debug|Any CPU
		Release|Any CPU = Release|Any CPU
	EndGlobalSection
	GlobalSection(ProjectConfigurationPlatforms) = postSolution
		{67EDBB98-D73F-4691-959A-C69CC8B19382}.Debug|Any CPU.ActiveCfg = Debug|Any CPU
		{67EDBB98-D73F-4691-959A-C69CC8B19382}.Debug|Any CPU.Build.0 = Debug|Any CPU
		{67EDBB98-D73F-4691-959A-C69CC8B19382}.Release|Any CPU.ActiveCfg = Release|Any CPU
		{67EDBB98-D73F-4691-959A-C69CC8B19382}.Release|Any CPU.Build.0 = Release|Any CPU
	EndGlobalSection
	GlobalSection(SolutionProperties) = preSolution
		HideSolutionNode = FALSE
	EndGlobalSection
	GlobalSection(ExtensibilityGlobals) = postSolution
		SolutionGuid = {08D205FF-918C-45A1-8C97-CBC4CE8FF911}
	EndGlobalSection
EndGlobal
