
Microsoft Visual Studio Solution File, Format Version 12.00
# Visual Studio Version 17
VisualStudioVersion = 17.2.32602.215
MinimumVisualStudioVersion = 10.0.40219.1
Project("{FAE04EC0-301F-11D3-BF4B-00C04F79EFBC}") = "Flocus", "Flocus.csproj", "{B2ED8C6A-FB1B-4D9E-905F-5BB142E343AB}"
EndProject
Project("{FAE04EC0-301F-11D3-BF4B-00C04F79EFBC}") = "Flocus.Repository", "..\Flocus.Repository\Flocus.Repository.csproj", "{783EF742-5060-470F-9DEF-8E73EFE2A1AF}"
EndProject
Project("{FAE04EC0-301F-11D3-BF4B-00C04F79EFBC}") = "Flocus.Domain", "..\Flocus.Domain\Flocus.Domain.csproj", "{7A19B551-04BA-4283-9E56-BBF9249AAF15}"
EndProject
Global
	GlobalSection(SolutionConfigurationPlatforms) = preSolution
		Debug|Any CPU = Debug|Any CPU
		Release|Any CPU = Release|Any CPU
	EndGlobalSection
	GlobalSection(ProjectConfigurationPlatforms) = postSolution
		{B2ED8C6A-FB1B-4D9E-905F-5BB142E343AB}.Debug|Any CPU.ActiveCfg = Debug|Any CPU
		{B2ED8C6A-FB1B-4D9E-905F-5BB142E343AB}.Debug|Any CPU.Build.0 = Debug|Any CPU
		{B2ED8C6A-FB1B-4D9E-905F-5BB142E343AB}.Release|Any CPU.ActiveCfg = Release|Any CPU
		{B2ED8C6A-FB1B-4D9E-905F-5BB142E343AB}.Release|Any CPU.Build.0 = Release|Any CPU
		{783EF742-5060-470F-9DEF-8E73EFE2A1AF}.Debug|Any CPU.ActiveCfg = Debug|Any CPU
		{783EF742-5060-470F-9DEF-8E73EFE2A1AF}.Debug|Any CPU.Build.0 = Debug|Any CPU
		{783EF742-5060-470F-9DEF-8E73EFE2A1AF}.Release|Any CPU.ActiveCfg = Release|Any CPU
		{783EF742-5060-470F-9DEF-8E73EFE2A1AF}.Release|Any CPU.Build.0 = Release|Any CPU
		{7A19B551-04BA-4283-9E56-BBF9249AAF15}.Debug|Any CPU.ActiveCfg = Debug|Any CPU
		{7A19B551-04BA-4283-9E56-BBF9249AAF15}.Debug|Any CPU.Build.0 = Debug|Any CPU
		{7A19B551-04BA-4283-9E56-BBF9249AAF15}.Release|Any CPU.ActiveCfg = Release|Any CPU
		{7A19B551-04BA-4283-9E56-BBF9249AAF15}.Release|Any CPU.Build.0 = Release|Any CPU
	EndGlobalSection
	GlobalSection(SolutionProperties) = preSolution
		HideSolutionNode = FALSE
	EndGlobalSection
	GlobalSection(ExtensibilityGlobals) = postSolution
		SolutionGuid = {3470E8CB-02B1-447F-92E7-F2A890E6A3D1}
	EndGlobalSection
EndGlobal
